// !$*UTF8*$!
{
	archiveVersion = 1;
	classes = {
	};
	objectVersion = 48;
	objects = {

/* Begin PBXBuildFile section */
		5221C43A1FE25F60008FC535 /* Parser.swift in Sources */ = {isa = PBXBuildFile; fileRef = 5221C4391FE25F60008FC535 /* Parser.swift */; };
		52B1DBE51FE1F86E004B875D /* AppDelegate.swift in Sources */ = {isa = PBXBuildFile; fileRef = 52B1DBE41FE1F86E004B875D /* AppDelegate.swift */; };
		52B1DBE71FE1F86E004B875D /* PhotoCollectionViewController.swift in Sources */ = {isa = PBXBuildFile; fileRef = 52B1DBE61FE1F86E004B875D /* PhotoCollectionViewController.swift */; };
		52B1DBEA1FE1F86E004B875D /* Main.storyboard in Resources */ = {isa = PBXBuildFile; fileRef = 52B1DBE81FE1F86E004B875D /* Main.storyboard */; };
		52B1DBEC1FE1F86E004B875D /* Assets.xcassets in Resources */ = {isa = PBXBuildFile; fileRef = 52B1DBEB1FE1F86E004B875D /* Assets.xcassets */; };
		52B1DBEF1FE1F86E004B875D /* LaunchScreen.storyboard in Resources */ = {isa = PBXBuildFile; fileRef = 52B1DBED1FE1F86E004B875D /* LaunchScreen.storyboard */; };
		52B1DBFB1FE1FBFB004B875D /* PhotoCollectionCell.swift in Sources */ = {isa = PBXBuildFile; fileRef = 52B1DBF91FE1FBFB004B875D /* PhotoCollectionCell.swift */; };
		52B1DBFC1FE1FBFB004B875D /* PhotoCollectionCell.xib in Resources */ = {isa = PBXBuildFile; fileRef = 52B1DBFA1FE1FBFB004B875D /* PhotoCollectionCell.xib */; };
		52B1DBFF1FE20DA9004B875D /* API.swift in Sources */ = {isa = PBXBuildFile; fileRef = 52B1DBFE1FE20DA9004B875D /* API.swift */; };
		52FDE0851FE2AEC9002B62F7 /* PhotoCollectionLayout.swift in Sources */ = {isa = PBXBuildFile; fileRef = 52FDE0841FE2AEC9002B62F7 /* PhotoCollectionLayout.swift */; };
		52FDE0881FE2E064002B62F7 /* PhotoDetailViewController.swift in Sources */ = {isa = PBXBuildFile; fileRef = 52FDE0871FE2E064002B62F7 /* PhotoDetailViewController.swift */; };
		52FDE08A1FE2E317002B62F7 /* PhotoDetail.storyboard in Resources */ = {isa = PBXBuildFile; fileRef = 52FDE0891FE2E317002B62F7 /* PhotoDetail.storyboard */; };
		CF187F7C8065ABCBC9BA6726 /* Pods_PhotoViewer.framework in Frameworks */ = {isa = PBXBuildFile; fileRef = 5B6A3B257F4CB66E07888CCE /* Pods_PhotoViewer.framework */; };
/* End PBXBuildFile section */

/* Begin PBXFileReference section */
		5221C4391FE25F60008FC535 /* Parser.swift */ = {isa = PBXFileReference; lastKnownFileType = sourcecode.swift; path = Parser.swift; sourceTree = "<group>"; };
		52B1DBE11FE1F86E004B875D /* PhotoViewer.app */ = {isa = PBXFileReference; explicitFileType = wrapper.application; includeInIndex = 0; path = PhotoViewer.app; sourceTree = BUILT_PRODUCTS_DIR; };
		52B1DBE41FE1F86E004B875D /* AppDelegate.swift */ = {isa = PBXFileReference; lastKnownFileType = sourcecode.swift; path = AppDelegate.swift; sourceTree = "<group>"; };
		52B1DBE61FE1F86E004B875D /* PhotoCollectionViewController.swift */ = {isa = PBXFileReference; lastKnownFileType = sourcecode.swift; path = PhotoCollectionViewController.swift; sourceTree = "<group>"; };
		52B1DBE91FE1F86E004B875D /* Base */ = {isa = PBXFileReference; lastKnownFileType = file.storyboard; name = Base; path = Base.lproj/Main.storyboard; sourceTree = "<group>"; };
		52B1DBEB1FE1F86E004B875D /* Assets.xcassets */ = {isa = PBXFileReference; lastKnownFileType = folder.assetcatalog; path = Assets.xcassets; sourceTree = "<group>"; };
		52B1DBEE1FE1F86E004B875D /* Base */ = {isa = PBXFileReference; lastKnownFileType = file.storyboard; name = Base; path = Base.lproj/LaunchScreen.storyboard; sourceTree = "<group>"; };
		52B1DBF01FE1F86E004B875D /* Info.plist */ = {isa = PBXFileReference; lastKnownFileType = text.plist.xml; path = Info.plist; sourceTree = "<group>"; };
		52B1DBF91FE1FBFB004B875D /* PhotoCollectionCell.swift */ = {isa = PBXFileReference; lastKnownFileType = sourcecode.swift; path = PhotoCollectionCell.swift; sourceTree = "<group>"; };
		52B1DBFA1FE1FBFB004B875D /* PhotoCollectionCell.xib */ = {isa = PBXFileReference; lastKnownFileType = file.xib; path = PhotoCollectionCell.xib; sourceTree = "<group>"; };
		52B1DBFE1FE20DA9004B875D /* API.swift */ = {isa = PBXFileReference; lastKnownFileType = sourcecode.swift; path = API.swift; sourceTree = "<group>"; };
		52FDE0841FE2AEC9002B62F7 /* PhotoCollectionLayout.swift */ = {isa = PBXFileReference; lastKnownFileType = sourcecode.swift; path = PhotoCollectionLayout.swift; sourceTree = "<group>"; };
		52FDE0871FE2E064002B62F7 /* PhotoDetailViewController.swift */ = {isa = PBXFileReference; lastKnownFileType = sourcecode.swift; path = PhotoDetailViewController.swift; sourceTree = "<group>"; };
		52FDE0891FE2E317002B62F7 /* PhotoDetail.storyboard */ = {isa = PBXFileReference; lastKnownFileType = file.storyboard; path = PhotoDetail.storyboard; sourceTree = "<group>"; };
		5B6A3B257F4CB66E07888CCE /* Pods_PhotoViewer.framework */ = {isa = PBXFileReference; explicitFileType = wrapper.framework; includeInIndex = 0; path = Pods_PhotoViewer.framework; sourceTree = BUILT_PRODUCTS_DIR; };
		A9ABFD2E5B87F083DCB0530F /* Pods-PhotoViewer.release.xcconfig */ = {isa = PBXFileReference; includeInIndex = 1; lastKnownFileType = text.xcconfig; name = "Pods-PhotoViewer.release.xcconfig"; path = "Pods/Target Support Files/Pods-PhotoViewer/Pods-PhotoViewer.release.xcconfig"; sourceTree = "<group>"; };
		C7513F1ED57739EEA6858360 /* Pods-PhotoViewer.debug.xcconfig */ = {isa = PBXFileReference; includeInIndex = 1; lastKnownFileType = text.xcconfig; name = "Pods-PhotoViewer.debug.xcconfig"; path = "Pods/Target Support Files/Pods-PhotoViewer/Pods-PhotoViewer.debug.xcconfig"; sourceTree = "<group>"; };
/* End PBXFileReference section */

/* Begin PBXFrameworksBuildPhase section */
		52B1DBDE1FE1F86E004B875D /* Frameworks */ = {
			isa = PBXFrameworksBuildPhase;
			buildActionMask = 2147483647;
			files = (
				CF187F7C8065ABCBC9BA6726 /* Pods_PhotoViewer.framework in Frameworks */,
			);
			runOnlyForDeploymentPostprocessing = 0;
		};
/* End PBXFrameworksBuildPhase section */

/* Begin PBXGroup section */
		42A27CBA29FE4ED9AE794B47 /* Frameworks */ = {
			isa = PBXGroup;
			children = (
				5B6A3B257F4CB66E07888CCE /* Pods_PhotoViewer.framework */,
			);
			name = Frameworks;
			sourceTree = "<group>";
		};
		52B1DBD81FE1F86E004B875D = {
			isa = PBXGroup;
			children = (
				52B1DBE31FE1F86E004B875D /* PhotoViewer */,
				52B1DBE21FE1F86E004B875D /* Products */,
				D821B3F59EE2D7FA84706C4A /* Pods */,
				42A27CBA29FE4ED9AE794B47 /* Frameworks */,
			);
			sourceTree = "<group>";
		};
		52B1DBE21FE1F86E004B875D /* Products */ = {
			isa = PBXGroup;
			children = (
				52B1DBE11FE1F86E004B875D /* PhotoViewer.app */,
			);
			name = Products;
			sourceTree = "<group>";
		};
		52B1DBE31FE1F86E004B875D /* PhotoViewer */ = {
			isa = PBXGroup;
			children = (
				52B1DBF71FE1FBC7004B875D /* Features */,
				52B1DBFE1FE20DA9004B875D /* API.swift */,
				5221C4391FE25F60008FC535 /* Parser.swift */,
				52B1DBF61FE1F957004B875D /* Resources */,
				52B1DBE41FE1F86E004B875D /* AppDelegate.swift */,
				52B1DBE81FE1F86E004B875D /* Main.storyboard */,
				52B1DBF01FE1F86E004B875D /* Info.plist */,
			);
			path = PhotoViewer;
			sourceTree = "<group>";
		};
		52B1DBF61FE1F957004B875D /* Resources */ = {
			isa = PBXGroup;
			children = (
				52B1DBED1FE1F86E004B875D /* LaunchScreen.storyboard */,
				52B1DBEB1FE1F86E004B875D /* Assets.xcassets */,
			);
			path = Resources;
			sourceTree = "<group>";
		};
		52B1DBF71FE1FBC7004B875D /* Features */ = {
			isa = PBXGroup;
			children = (
				52B1DBF81FE1FBD0004B875D /* PhotoCollection */,
				52FDE0861FE2E038002B62F7 /* PhotoDetail */,
			);
			path = Features;
			sourceTree = "<group>";
		};
		52B1DBF81FE1FBD0004B875D /* PhotoCollection */ = {
			isa = PBXGroup;
			children = (
				52B1DBE61FE1F86E004B875D /* PhotoCollectionViewController.swift */,
				52B1DBF91FE1FBFB004B875D /* PhotoCollectionCell.swift */,
				52B1DBFA1FE1FBFB004B875D /* PhotoCollectionCell.xib */,
				52FDE0841FE2AEC9002B62F7 /* PhotoCollectionLayout.swift */,
			);
			path = PhotoCollection;
			sourceTree = "<group>";
		};
		52FDE0861FE2E038002B62F7 /* PhotoDetail */ = {
			isa = PBXGroup;
			children = (
				52FDE0871FE2E064002B62F7 /* PhotoDetailViewController.swift */,
				52FDE0891FE2E317002B62F7 /* PhotoDetail.storyboard */,
			);
			path = PhotoDetail;
			sourceTree = "<group>";
		};
		D821B3F59EE2D7FA84706C4A /* Pods */ = {
			isa = PBXGroup;
			children = (
				C7513F1ED57739EEA6858360 /* Pods-PhotoViewer.debug.xcconfig */,
				A9ABFD2E5B87F083DCB0530F /* Pods-PhotoViewer.release.xcconfig */,
			);
			name = Pods;
			sourceTree = "<group>";
		};
/* End PBXGroup section */

/* Begin PBXNativeTarget section */
		52B1DBE01FE1F86E004B875D /* PhotoViewer */ = {
			isa = PBXNativeTarget;
			buildConfigurationList = 52B1DBF31FE1F86E004B875D /* Build configuration list for PBXNativeTarget "PhotoViewer" */;
			buildPhases = (
				CF8E750D834D3C82FBF3904A /* [CP] Check Pods Manifest.lock */,
				52B1DBDD1FE1F86E004B875D /* Sources */,
				52B1DBDE1FE1F86E004B875D /* Frameworks */,
				52B1DBDF1FE1F86E004B875D /* Resources */,
				B101BFF9FF740FBE59DC8513 /* [CP] Embed Pods Frameworks */,
				4DB6C5385487A120F5513CD1 /* [CP] Copy Pods Resources */,
			);
			buildRules = (
			);
			dependencies = (
			);
			name = PhotoViewer;
			productName = PhotoViewer;
			productReference = 52B1DBE11FE1F86E004B875D /* PhotoViewer.app */;
			productType = "com.apple.product-type.application";
		};
/* End PBXNativeTarget section */

/* Begin PBXProject section */
		52B1DBD91FE1F86E004B875D /* Project object */ = {
			isa = PBXProject;
			attributes = {
				LastSwiftUpdateCheck = 0900;
				LastUpgradeCheck = 0900;
				ORGANIZATIONNAME = "Satsuki Hashiba";
				TargetAttributes = {
					52B1DBE01FE1F86E004B875D = {
						CreatedOnToolsVersion = 9.0;
						ProvisioningStyle = Automatic;
					};
				};
			};
			buildConfigurationList = 52B1DBDC1FE1F86E004B875D /* Build configuration list for PBXProject "PhotoViewer" */;
			compatibilityVersion = "Xcode 8.0";
			developmentRegion = en;
			hasScannedForEncodings = 0;
			knownRegions = (
				en,
				Base,
			);
			mainGroup = 52B1DBD81FE1F86E004B875D;
			productRefGroup = 52B1DBE21FE1F86E004B875D /* Products */;
			projectDirPath = "";
			projectRoot = "";
			targets = (
				52B1DBE01FE1F86E004B875D /* PhotoViewer */,
			);
		};
/* End PBXProject section */

/* Begin PBXResourcesBuildPhase section */
		52B1DBDF1FE1F86E004B875D /* Resources */ = {
			isa = PBXResourcesBuildPhase;
			buildActionMask = 2147483647;
			files = (
				52FDE08A1FE2E317002B62F7 /* PhotoDetail.storyboard in Resources */,
				52B1DBEF1FE1F86E004B875D /* LaunchScreen.storyboard in Resources */,
				52B1DBEC1FE1F86E004B875D /* Assets.xcassets in Resources */,
				52B1DBFC1FE1FBFB004B875D /* PhotoCollectionCell.xib in Resources */,
				52B1DBEA1FE1F86E004B875D /* Main.storyboard in Resources */,
			);
			runOnlyForDeploymentPostprocessing = 0;
		};
/* End PBXResourcesBuildPhase section */

/* Begin PBXShellScriptBuildPhase section */
		4DB6C5385487A120F5513CD1 /* [CP] Copy Pods Resources */ = {
			isa = PBXShellScriptBuildPhase;
			buildActionMask = 2147483647;
			files = (
			);
			inputPaths = (
			);
			name = "[CP] Copy Pods Resources";
			outputPaths = (
			);
			runOnlyForDeploymentPostprocessing = 0;
			shellPath = /bin/sh;
			shellScript = "\"${SRCROOT}/Pods/Target Support Files/Pods-PhotoViewer/Pods-PhotoViewer-resources.sh\"\n";
			showEnvVarsInLog = 0;
		};
		B101BFF9FF740FBE59DC8513 /* [CP] Embed Pods Frameworks */ = {
			isa = PBXShellScriptBuildPhase;
			buildActionMask = 2147483647;
			files = (
			);
			inputPaths = (
			);
			name = "[CP] Embed Pods Frameworks";
			outputPaths = (
			);
			runOnlyForDeploymentPostprocessing = 0;
			shellPath = /bin/sh;
			shellScript = "\"${SRCROOT}/Pods/Target Support Files/Pods-PhotoViewer/Pods-PhotoViewer-frameworks.sh\"\n";
			showEnvVarsInLog = 0;
		};
		CF8E750D834D3C82FBF3904A /* [CP] Check Pods Manifest.lock */ = {
			isa = PBXShellScriptBuildPhase;
			buildActionMask = 2147483647;
			files = (
			);
			inputPaths = (
			);
			name = "[CP] Check Pods Manifest.lock";
			outputPaths = (
			);
			runOnlyForDeploymentPostprocessing = 0;
			shellPath = /bin/sh;
			shellScript = "diff \"${PODS_ROOT}/../Podfile.lock\" \"${PODS_ROOT}/Manifest.lock\" > /dev/null\nif [ $? != 0 ] ; then\n    # print error to STDERR\n    echo \"error: The sandbox is not in sync with the Podfile.lock. Run 'pod install' or update your CocoaPods installation.\" >&2\n    exit 1\nfi\n";
			showEnvVarsInLog = 0;
		};
/* End PBXShellScriptBuildPhase section */

/* Begin PBXSourcesBuildPhase section */
		52B1DBDD1FE1F86E004B875D /* Sources */ = {
			isa = PBXSourcesBuildPhase;
			buildActionMask = 2147483647;
			files = (
				52FDE0851FE2AEC9002B62F7 /* PhotoCollectionLayout.swift in Sources */,
				52B1DBFB1FE1FBFB004B875D /* PhotoCollectionCell.swift in Sources */,
				52B1DBE71FE1F86E004B875D /* PhotoCollectionViewController.swift in Sources */,
				52FDE0881FE2E064002B62F7 /* PhotoDetailViewController.swift in Sources */,
				5221C43A1FE25F60008FC535 /* Parser.swift in Sources */,
				52B1DBE51FE1F86E004B875D /* AppDelegate.swift in Sources */,
				52B1DBFF1FE20DA9004B875D /* API.swift in Sources */,
			);
			runOnlyForDeploymentPostprocessing = 0;
		};
/* End PBXSourcesBuildPhase section */

/* Begin PBXVariantGroup section */
		52B1DBE81FE1F86E004B875D /* Main.storyboard */ = {
			isa = PBXVariantGroup;
			children = (
				52B1DBE91FE1F86E004B875D /* Base */,
			);
			name = Main.storyboard;
			sourceTree = "<group>";
		};
		52B1DBED1FE1F86E004B875D /* LaunchScreen.storyboard */ = {
			isa = PBXVariantGroup;
			children = (
				52B1DBEE1FE1F86E004B875D /* Base */,
			);
			name = LaunchScreen.storyboard;
			sourceTree = "<group>";
		};
/* End PBXVariantGroup section */

/* Begin XCBuildConfiguration section */
		52B1DBF11FE1F86E004B875D /* Debug */ = {
			isa = XCBuildConfiguration;
			buildSettings = {
				ALWAYS_SEARCH_USER_PATHS = NO;
				CLANG_ANALYZER_NONNULL = YES;
				CLANG_ANALYZER_NUMBER_OBJECT_CONVERSION = YES_AGGRESSIVE;
				CLANG_CXX_LANGUAGE_STANDARD = "gnu++14";
				CLANG_CXX_LIBRARY = "libc++";
				CLANG_ENABLE_MODULES = YES;
				CLANG_ENABLE_OBJC_ARC = YES;
				CLANG_WARN_BLOCK_CAPTURE_AUTORELEASING = YES;
				CLANG_WARN_BOOL_CONVERSION = YES;
				CLANG_WARN_COMMA = YES;
				CLANG_WARN_CONSTANT_CONVERSION = YES;
				CLANG_WARN_DIRECT_OBJC_ISA_USAGE = YES_ERROR;
				CLANG_WARN_DOCUMENTATION_COMMENTS = YES;
				CLANG_WARN_EMPTY_BODY = YES;
				CLANG_WARN_ENUM_CONVERSION = YES;
				CLANG_WARN_INFINITE_RECURSION = YES;
				CLANG_WARN_INT_CONVERSION = YES;
				CLANG_WARN_NON_LITERAL_NULL_CONVERSION = YES;
				CLANG_WARN_OBJC_LITERAL_CONVERSION = YES;
				CLANG_WARN_OBJC_ROOT_CLASS = YES_ERROR;
				CLANG_WARN_RANGE_LOOP_ANALYSIS = YES;
				CLANG_WARN_STRICT_PROTOTYPES = YES;
				CLANG_WARN_SUSPICIOUS_MOVE = YES;
				CLANG_WARN_UNGUARDED_AVAILABILITY = YES_AGGRESSIVE;
				CLANG_WARN_UNREACHABLE_CODE = YES;
				CLANG_WARN__DUPLICATE_METHOD_MATCH = YES;
				CODE_SIGN_IDENTITY = "iPhone Developer";
				COPY_PHASE_STRIP = NO;
				DEBUG_INFORMATION_FORMAT = dwarf;
				ENABLE_STRICT_OBJC_MSGSEND = YES;
				ENABLE_TESTABILITY = YES;
				GCC_C_LANGUAGE_STANDARD = gnu11;
				GCC_DYNAMIC_NO_PIC = NO;
				GCC_NO_COMMON_BLOCKS = YES;
				GCC_OPTIMIZATION_LEVEL = 0;
				GCC_PREPROCESSOR_DEFINITIONS = (
					"DEBUG=1",
					"$(inherited)",
				);
				GCC_WARN_64_TO_32_BIT_CONVERSION = YES;
				GCC_WARN_ABOUT_RETURN_TYPE = YES_ERROR;
				GCC_WARN_UNDECLARED_SELECTOR = YES;
				GCC_WARN_UNINITIALIZED_AUTOS = YES_AGGRESSIVE;
				GCC_WARN_UNUSED_FUNCTION = YES;
				GCC_WARN_UNUSED_VARIABLE = YES;
				IPHONEOS_DEPLOYMENT_TARGET = 11.0;
				MTL_ENABLE_DEBUG_INFO = YES;
				ONLY_ACTIVE_ARCH = YES;
				SDKROOT = iphoneos;
				SWIFT_ACTIVE_COMPILATION_CONDITIONS = DEBUG;
				SWIFT_OPTIMIZATION_LEVEL = "-Onone";
			};
			name = Debug;
		};
		52B1DBF21FE1F86E004B875D /* Release */ = {
			isa = XCBuildConfiguration;
			buildSettings = {
				ALWAYS_SEARCH_USER_PATHS = NO;
				CLANG_ANALYZER_NONNULL = YES;
				CLANG_ANALYZER_NUMBER_OBJECT_CONVERSION = YES_AGGRESSIVE;
				CLANG_CXX_LANGUAGE_STANDARD = "gnu++14";
				CLANG_CXX_LIBRARY = "libc++";
				CLANG_ENABLE_MODULES = YES;
				CLANG_ENABLE_OBJC_ARC = YES;
				CLANG_WARN_BLOCK_CAPTURE_AUTORELEASING = YES;
				CLANG_WARN_BOOL_CONVERSION = YES;
				CLANG_WARN_COMMA = YES;
				CLANG_WARN_CONSTANT_CONVERSION = YES;
				CLANG_WARN_DIRECT_OBJC_ISA_USAGE = YES_ERROR;
				CLANG_WARN_DOCUMENTATION_COMMENTS = YES;
				CLANG_WARN_EMPTY_BODY = YES;
				CLANG_WARN_ENUM_CONVERSION = YES;
				CLANG_WARN_INFINITE_RECURSION = YES;
				CLANG_WARN_INT_CONVERSION = YES;
				CLANG_WARN_NON_LITERAL_NULL_CONVERSION = YES;
				CLANG_WARN_OBJC_LITERAL_CONVERSION = YES;
				CLANG_WARN_OBJC_ROOT_CLASS = YES_ERROR;
				CLANG_WARN_RANGE_LOOP_ANALYSIS = YES;
				CLANG_WARN_STRICT_PROTOTYPES = YES;
				CLANG_WARN_SUSPICIOUS_MOVE = YES;
				CLANG_WARN_UNGUARDED_AVAILABILITY = YES_AGGRESSIVE;
				CLANG_WARN_UNREACHABLE_CODE = YES;
				CLANG_WARN__DUPLICATE_METHOD_MATCH = YES;
				CODE_SIGN_IDENTITY = "iPhone Developer";
				COPY_PHASE_STRIP = NO;
				DEBUG_INFORMATION_FORMAT = "dwarf-with-dsym";
				ENABLE_NS_ASSERTIONS = NO;
				ENABLE_STRICT_OBJC_MSGSEND = YES;
				GCC_C_LANGUAGE_STANDARD = gnu11;
				GCC_NO_COMMON_BLOCKS = YES;
				GCC_WARN_64_TO_32_BIT_CONVERSION = YES;
				GCC_WARN_ABOUT_RETURN_TYPE = YES_ERROR;
				GCC_WARN_UNDECLARED_SELECTOR = YES;
				GCC_WARN_UNINITIALIZED_AUTOS = YES_AGGRESSIVE;
				GCC_WARN_UNUSED_FUNCTION = YES;
				GCC_WARN_UNUSED_VARIABLE = YES;
				IPHONEOS_DEPLOYMENT_TARGET = 11.0;
				MTL_ENABLE_DEBUG_INFO = NO;
				SDKROOT = iphoneos;
				SWIFT_OPTIMIZATION_LEVEL = "-Owholemodule";
				VALIDATE_PRODUCT = YES;
			};
			name = Release;
		};
		52B1DBF41FE1F86E004B875D /* Debug */ = {
			isa = XCBuildConfiguration;
			baseConfigurationReference = C7513F1ED57739EEA6858360 /* Pods-PhotoViewer.debug.xcconfig */;
			buildSettings = {
				ASSETCATALOG_COMPILER_APPICON_NAME = AppIcon;
				CODE_SIGN_STYLE = Automatic;
				DEVELOPMENT_TEAM = U6JP7S27NV;
				INFOPLIST_FILE = PhotoViewer/Info.plist;
				LD_RUNPATH_SEARCH_PATHS = "$(inherited) @executable_path/Frameworks";
				PRODUCT_BUNDLE_IDENTIFIER = com.shiba.PhotoViewer;
				PRODUCT_NAME = "$(TARGET_NAME)";
				SWIFT_VERSION = 4.0;
				TARGETED_DEVICE_FAMILY = "1,2";
			};
			name = Debug;
		};
		52B1DBF51FE1F86E004B875D /* Release */ = {
			isa = XCBuildConfiguration;
			baseConfigurationReference = A9ABFD2E5B87F083DCB0530F /* Pods-PhotoViewer.release.xcconfig */;
			buildSettings = {
				ASSETCATALOG_COMPILER_APPICON_NAME = AppIcon;
				CODE_SIGN_STYLE = Automatic;
				DEVELOPMENT_TEAM = U6JP7S27NV;
				INFOPLIST_FILE = PhotoViewer/Info.plist;
				LD_RUNPATH_SEARCH_PATHS = "$(inherited) @executable_path/Frameworks";
				PRODUCT_BUNDLE_IDENTIFIER = com.shiba.PhotoViewer;
				PRODUCT_NAME = "$(TARGET_NAME)";
				SWIFT_VERSION = 4.0;
				TARGETED_DEVICE_FAMILY = "1,2";
			};
			name = Release;
		};
/* End XCBuildConfiguration section */

/* Begin XCConfigurationList section */
		52B1DBDC1FE1F86E004B875D /* Build configuration list for PBXProject "PhotoViewer" */ = {
			isa = XCConfigurationList;
			buildConfigurations = (
				52B1DBF11FE1F86E004B875D /* Debug */,
				52B1DBF21FE1F86E004B875D /* Release */,
			);
			defaultConfigurationIsVisible = 0;
			defaultConfigurationName = Release;
		};
		52B1DBF31FE1F86E004B875D /* Build configuration list for PBXNativeTarget "PhotoViewer" */ = {
			isa = XCConfigurationList;
			buildConfigurations = (
				52B1DBF41FE1F86E004B875D /* Debug */,
				52B1DBF51FE1F86E004B875D /* Release */,
			);
			defaultConfigurationIsVisible = 0;
			defaultConfigurationName = Release;
		};
/* End XCConfigurationList section */
	};
	rootObject = 52B1DBD91FE1F86E004B875D /* Project object */;
}
